// !$*UTF8*$!
{
	archiveVersion = 1;
	classes = {
	};
	objectVersion = 56;
	objects = {

/* Begin PBXBuildFile section */
		BA0DE1E5A22A7EC6213D0FC2 /* Pods_MyCoffeeBarApp.framework in Frameworks */ = {isa = PBXBuildFile; fileRef = EFB8A0DBAA34B3A10DC847FB /* Pods_MyCoffeeBarApp.framework */; };
		CEE71C932BBC468000AD99E4 /* AppDelegate.swift in Sources */ = {isa = PBXBuildFile; fileRef = CEE71C922BBC468000AD99E4 /* AppDelegate.swift */; };
		CEE71C952BBC468000AD99E4 /* SceneDelegate.swift in Sources */ = {isa = PBXBuildFile; fileRef = CEE71C942BBC468000AD99E4 /* SceneDelegate.swift */; };
		CEE71C972BBC468000AD99E4 /* RegistrationViewController.swift in Sources */ = {isa = PBXBuildFile; fileRef = CEE71C962BBC468000AD99E4 /* RegistrationViewController.swift */; };
		CEE71C9C2BBC468200AD99E4 /* Assets.xcassets in Resources */ = {isa = PBXBuildFile; fileRef = CEE71C9B2BBC468200AD99E4 /* Assets.xcassets */; };
		CEE71C9F2BBC468200AD99E4 /* Base in Resources */ = {isa = PBXBuildFile; fileRef = CEE71C9E2BBC468200AD99E4 /* Base */; };
		CEE71CAD2BBC4C6500AD99E4 /* RegistrationView.swift in Sources */ = {isa = PBXBuildFile; fileRef = CEE71CAC2BBC4C6500AD99E4 /* RegistrationView.swift */; };
		CEE71CAF2BBC4CA500AD99E4 /* AuthorizationView.swift in Sources */ = {isa = PBXBuildFile; fileRef = CEE71CAE2BBC4CA500AD99E4 /* AuthorizationView.swift */; };
		CEE71CB12BBC4E9400AD99E4 /* AuthorizationViewController.swift in Sources */ = {isa = PBXBuildFile; fileRef = CEE71CB02BBC4E9400AD99E4 /* AuthorizationViewController.swift */; };
		CEE71CB52BBC723F00AD99E4 /* MenuBarCell.swift in Sources */ = {isa = PBXBuildFile; fileRef = CEE71CB42BBC723F00AD99E4 /* MenuBarCell.swift */; };
		CEE71CB72BBD6BB200AD99E4 /* ProductsCell.swift in Sources */ = {isa = PBXBuildFile; fileRef = CEE71CB62BBD6BB200AD99E4 /* ProductsCell.swift */; };
		CEE71CC22BBEC13700AD99E4 /* ProductViewController.swift in Sources */ = {isa = PBXBuildFile; fileRef = CEE71CC12BBEC13700AD99E4 /* ProductViewController.swift */; };
		CEE71CC52BBEC2E500AD99E4 /* TabBarViewController.swift in Sources */ = {isa = PBXBuildFile; fileRef = CEE71CC42BBEC2E500AD99E4 /* TabBarViewController.swift */; };
		CEE71CC82BBEC48E00AD99E4 /* BasketViewController.swift in Sources */ = {isa = PBXBuildFile; fileRef = CEE71CC72BBEC48E00AD99E4 /* BasketViewController.swift */; };
		CEE71CCA2BBFD7AB00AD99E4 /* QrButton.swift in Sources */ = {isa = PBXBuildFile; fileRef = CEE71CC92BBFD7AB00AD99E4 /* QrButton.swift */; };
		CEE71CCC2BBFD93600AD99E4 /* CustomTabBar.swift in Sources */ = {isa = PBXBuildFile; fileRef = CEE71CCB2BBFD93600AD99E4 /* CustomTabBar.swift */; };
		CEE71CD42BC007B900AD99E4 /*  MenuBarViewController.swift in Sources */ = {isa = PBXBuildFile; fileRef = CEE71CB22BBC4F3C00AD99E4 /*  MenuBarViewController.swift */; };
		CEE71CDC2BC2932500AD99E4 /* NetworkLayer.swift in Sources */ = {isa = PBXBuildFile; fileRef = CEE71CDB2BC2932500AD99E4 /* NetworkLayer.swift */; };
		CEE71CDE2BC2937F00AD99E4 /* Products.swift in Sources */ = {isa = PBXBuildFile; fileRef = CEE71CDD2BC2937F00AD99E4 /* Products.swift */; };
		CEE71CE02BC3EACE00AD99E4 /* Categories.swift in Sources */ = {isa = PBXBuildFile; fileRef = CEE71CDF2BC3EACE00AD99E4 /* Categories.swift */; };
		CEE71CE52BC5060600AD99E4 /* DescriptionView.swift in Sources */ = {isa = PBXBuildFile; fileRef = CEE71CE42BC5060600AD99E4 /* DescriptionView.swift */; };
		CEE71CEF2BC80D8700AD99E4 /* ImageDownloader.swift in Sources */ = {isa = PBXBuildFile; fileRef = CEE71CEE2BC80D8700AD99E4 /* ImageDownloader.swift */; };
		CEE71CF12BC819ED00AD99E4 /* GoogleService-Info.plist in Resources */ = {isa = PBXBuildFile; fileRef = CEE71CF02BC819ED00AD99E4 /* GoogleService-Info.plist */; };
		CEE71CF42BC9373D00AD99E4 /* AuthService.swift in Sources */ = {isa = PBXBuildFile; fileRef = CEE71CF32BC9373D00AD99E4 /* AuthService.swift */; };
		CEE71CF72BC94DC900AD99E4 /* SMSViewController.swift in Sources */ = {isa = PBXBuildFile; fileRef = CEE71CF62BC94DC900AD99E4 /* SMSViewController.swift */; };
		CEFB27AA2BCA5438003A33DF /* SMSCodeView.swift in Sources */ = {isa = PBXBuildFile; fileRef = CEFB27A92BCA5438003A33DF /* SMSCodeView.swift */; };
		CEFB27AD2BCBC0A5003A33DF /* SplashViewController.swift in Sources */ = {isa = PBXBuildFile; fileRef = CEFB27AC2BCBC0A5003A33DF /* SplashViewController.swift */; };
		CEFB27B12BCF9F8F003A33DF /* PhoneNumberViewController.swift in Sources */ = {isa = PBXBuildFile; fileRef = CEFB27B02BCF9F8F003A33DF /* PhoneNumberViewController.swift */; };
		CEFB27B32BCF9FDA003A33DF /* PhoneNumberView.swift in Sources */ = {isa = PBXBuildFile; fileRef = CEFB27B22BCF9FDA003A33DF /* PhoneNumberView.swift */; };
/* End PBXBuildFile section */

/* Begin PBXFileReference section */
		20910BBD73DDAB26F63591F3 /* Pods-MyCoffeeBarApp.debug.xcconfig */ = {isa = PBXFileReference; includeInIndex = 1; lastKnownFileType = text.xcconfig; name = "Pods-MyCoffeeBarApp.debug.xcconfig"; path = "Target Support Files/Pods-MyCoffeeBarApp/Pods-MyCoffeeBarApp.debug.xcconfig"; sourceTree = "<group>"; };
		7232B68FEF9CD0ADC681CDD5 /* Pods-MyCoffeeBarApp.release.xcconfig */ = {isa = PBXFileReference; includeInIndex = 1; lastKnownFileType = text.xcconfig; name = "Pods-MyCoffeeBarApp.release.xcconfig"; path = "Target Support Files/Pods-MyCoffeeBarApp/Pods-MyCoffeeBarApp.release.xcconfig"; sourceTree = "<group>"; };
		CEE71C8F2BBC468000AD99E4 /* MyCoffeeBarApp.app */ = {isa = PBXFileReference; explicitFileType = wrapper.application; includeInIndex = 0; path = MyCoffeeBarApp.app; sourceTree = BUILT_PRODUCTS_DIR; };
		CEE71C922BBC468000AD99E4 /* AppDelegate.swift */ = {isa = PBXFileReference; lastKnownFileType = sourcecode.swift; path = AppDelegate.swift; sourceTree = "<group>"; };
		CEE71C942BBC468000AD99E4 /* SceneDelegate.swift */ = {isa = PBXFileReference; lastKnownFileType = sourcecode.swift; path = SceneDelegate.swift; sourceTree = "<group>"; };
		CEE71C962BBC468000AD99E4 /* RegistrationViewController.swift */ = {isa = PBXFileReference; lastKnownFileType = sourcecode.swift; path = RegistrationViewController.swift; sourceTree = "<group>"; };
		CEE71C9B2BBC468200AD99E4 /* Assets.xcassets */ = {isa = PBXFileReference; lastKnownFileType = folder.assetcatalog; path = Assets.xcassets; sourceTree = "<group>"; };
		CEE71C9E2BBC468200AD99E4 /* Base */ = {isa = PBXFileReference; lastKnownFileType = file.storyboard; name = Base; path = Base.lproj/LaunchScreen.storyboard; sourceTree = "<group>"; };
		CEE71CA02BBC468200AD99E4 /* Info.plist */ = {isa = PBXFileReference; lastKnownFileType = text.plist.xml; path = Info.plist; sourceTree = "<group>"; };
		CEE71CAC2BBC4C6500AD99E4 /* RegistrationView.swift */ = {isa = PBXFileReference; lastKnownFileType = sourcecode.swift; path = RegistrationView.swift; sourceTree = "<group>"; };
		CEE71CAE2BBC4CA500AD99E4 /* AuthorizationView.swift */ = {isa = PBXFileReference; lastKnownFileType = sourcecode.swift; path = AuthorizationView.swift; sourceTree = "<group>"; };
		CEE71CB02BBC4E9400AD99E4 /* AuthorizationViewController.swift */ = {isa = PBXFileReference; lastKnownFileType = sourcecode.swift; path = AuthorizationViewController.swift; sourceTree = "<group>"; };
		CEE71CB22BBC4F3C00AD99E4 /*  MenuBarViewController.swift */ = {isa = PBXFileReference; lastKnownFileType = sourcecode.swift; path = " MenuBarViewController.swift"; sourceTree = "<group>"; };
		CEE71CB42BBC723F00AD99E4 /* MenuBarCell.swift */ = {isa = PBXFileReference; lastKnownFileType = sourcecode.swift; path = MenuBarCell.swift; sourceTree = "<group>"; };
		CEE71CB62BBD6BB200AD99E4 /* ProductsCell.swift */ = {isa = PBXFileReference; lastKnownFileType = sourcecode.swift; path = ProductsCell.swift; sourceTree = "<group>"; };
		CEE71CC12BBEC13700AD99E4 /* ProductViewController.swift */ = {isa = PBXFileReference; lastKnownFileType = sourcecode.swift; path = ProductViewController.swift; sourceTree = "<group>"; };
		CEE71CC42BBEC2E500AD99E4 /* TabBarViewController.swift */ = {isa = PBXFileReference; lastKnownFileType = sourcecode.swift; path = TabBarViewController.swift; sourceTree = "<group>"; };
		CEE71CC72BBEC48E00AD99E4 /* BasketViewController.swift */ = {isa = PBXFileReference; lastKnownFileType = sourcecode.swift; path = BasketViewController.swift; sourceTree = "<group>"; };
		CEE71CC92BBFD7AB00AD99E4 /* QrButton.swift */ = {isa = PBXFileReference; lastKnownFileType = sourcecode.swift; path = QrButton.swift; sourceTree = "<group>"; };
		CEE71CCB2BBFD93600AD99E4 /* CustomTabBar.swift */ = {isa = PBXFileReference; lastKnownFileType = sourcecode.swift; path = CustomTabBar.swift; sourceTree = "<group>"; };
		CEE71CDB2BC2932500AD99E4 /* NetworkLayer.swift */ = {isa = PBXFileReference; lastKnownFileType = sourcecode.swift; path = NetworkLayer.swift; sourceTree = "<group>"; };
		CEE71CDD2BC2937F00AD99E4 /* Products.swift */ = {isa = PBXFileReference; lastKnownFileType = sourcecode.swift; path = Products.swift; sourceTree = "<group>"; };
		CEE71CDF2BC3EACE00AD99E4 /* Categories.swift */ = {isa = PBXFileReference; lastKnownFileType = sourcecode.swift; path = Categories.swift; sourceTree = "<group>"; };
		CEE71CE42BC5060600AD99E4 /* DescriptionView.swift */ = {isa = PBXFileReference; lastKnownFileType = sourcecode.swift; path = DescriptionView.swift; sourceTree = "<group>"; };
		CEE71CEE2BC80D8700AD99E4 /* ImageDownloader.swift */ = {isa = PBXFileReference; lastKnownFileType = sourcecode.swift; path = ImageDownloader.swift; sourceTree = "<group>"; };
		CEE71CF02BC819ED00AD99E4 /* GoogleService-Info.plist */ = {isa = PBXFileReference; fileEncoding = 4; lastKnownFileType = text.plist.xml; name = "GoogleService-Info.plist"; path = "../../../../../Downloads/GoogleService-Info.plist"; sourceTree = "<group>"; };
		CEE71CF32BC9373D00AD99E4 /* AuthService.swift */ = {isa = PBXFileReference; lastKnownFileType = sourcecode.swift; path = AuthService.swift; sourceTree = "<group>"; };
		CEE71CF62BC94DC900AD99E4 /* SMSViewController.swift */ = {isa = PBXFileReference; lastKnownFileType = sourcecode.swift; path = SMSViewController.swift; sourceTree = "<group>"; };
		CEFB27A92BCA5438003A33DF /* SMSCodeView.swift */ = {isa = PBXFileReference; lastKnownFileType = sourcecode.swift; path = SMSCodeView.swift; sourceTree = "<group>"; };
		CEFB27AC2BCBC0A5003A33DF /* SplashViewController.swift */ = {isa = PBXFileReference; lastKnownFileType = sourcecode.swift; path = SplashViewController.swift; sourceTree = "<group>"; };
		CEFB27B02BCF9F8F003A33DF /* PhoneNumberViewController.swift */ = {isa = PBXFileReference; lastKnownFileType = sourcecode.swift; path = PhoneNumberViewController.swift; sourceTree = "<group>"; };
		CEFB27B22BCF9FDA003A33DF /* PhoneNumberView.swift */ = {isa = PBXFileReference; lastKnownFileType = sourcecode.swift; path = PhoneNumberView.swift; sourceTree = "<group>"; };
		EFB8A0DBAA34B3A10DC847FB /* Pods_MyCoffeeBarApp.framework */ = {isa = PBXFileReference; explicitFileType = wrapper.framework; includeInIndex = 0; path = Pods_MyCoffeeBarApp.framework; sourceTree = BUILT_PRODUCTS_DIR; };
/* End PBXFileReference section */

/* Begin PBXFrameworksBuildPhase section */
		CEE71C8C2BBC468000AD99E4 /* Frameworks */ = {
			isa = PBXFrameworksBuildPhase;
			buildActionMask = 2147483647;
			files = (
				BA0DE1E5A22A7EC6213D0FC2 /* Pods_MyCoffeeBarApp.framework in Frameworks */,
			);
			runOnlyForDeploymentPostprocessing = 0;
		};
/* End PBXFrameworksBuildPhase section */

/* Begin PBXGroup section */
		95F551D5497997B5B5F00BEA /* Pods */ = {
			isa = PBXGroup;
			children = (
				20910BBD73DDAB26F63591F3 /* Pods-MyCoffeeBarApp.debug.xcconfig */,
				7232B68FEF9CD0ADC681CDD5 /* Pods-MyCoffeeBarApp.release.xcconfig */,
			);
			path = Pods;
			sourceTree = "<group>";
		};
		B3FB7B6274236E8B2AA45615 /* Frameworks */ = {
			isa = PBXGroup;
			children = (
				EFB8A0DBAA34B3A10DC847FB /* Pods_MyCoffeeBarApp.framework */,
			);
			name = Frameworks;
			sourceTree = "<group>";
		};
		CE8A787E2BD261CA004F300B /* Views */ = {
			isa = PBXGroup;
			children = (
				CEE71CB62BBD6BB200AD99E4 /* ProductsCell.swift */,
				CEE71CB42BBC723F00AD99E4 /* MenuBarCell.swift */,
			);
			path = Views;
			sourceTree = "<group>";
		};
		CE8A787F2BD26237004F300B /* Views */ = {
			isa = PBXGroup;
			children = (
				CEE71CCB2BBFD93600AD99E4 /* CustomTabBar.swift */,
				CEE71CC92BBFD7AB00AD99E4 /* QrButton.swift */,
			);
			path = Views;
			sourceTree = "<group>";
		};
		CEE71C862BBC468000AD99E4 = {
			isa = PBXGroup;
			children = (
				CEE71C912BBC468000AD99E4 /* MyCoffeeBarApp */,
				CEE71C902BBC468000AD99E4 /* Products */,
				95F551D5497997B5B5F00BEA /* Pods */,
				B3FB7B6274236E8B2AA45615 /* Frameworks */,
			);
			sourceTree = "<group>";
		};
		CEE71C902BBC468000AD99E4 /* Products */ = {
			isa = PBXGroup;
			children = (
				CEE71C8F2BBC468000AD99E4 /* MyCoffeeBarApp.app */,
			);
			name = Products;
			sourceTree = "<group>";
		};
		CEE71C912BBC468000AD99E4 /* MyCoffeeBarApp */ = {
			isa = PBXGroup;
			children = (
				CEE71CA62BBC495500AD99E4 /* AppDelegate */,
				CEE71CA82BBC4A6E00AD99E4 /* Modules */,
				CEE71CD62BC26A4E00AD99E4 /* Model */,
				CEE71CF22BC9371600AD99E4 /* Service */,
				CEE71CED2BC80D7B00AD99E4 /* Helper */,
				CEE71CA72BBC496500AD99E4 /* Resourse */,
				CEE71CA02BBC468200AD99E4 /* Info.plist */,
			);
			path = MyCoffeeBarApp;
			sourceTree = "<group>";
		};
		CEE71CA62BBC495500AD99E4 /* AppDelegate */ = {
			isa = PBXGroup;
			children = (
				CEE71C922BBC468000AD99E4 /* AppDelegate.swift */,
				CEE71C942BBC468000AD99E4 /* SceneDelegate.swift */,
			);
			path = AppDelegate;
			sourceTree = "<group>";
		};
		CEE71CA72BBC496500AD99E4 /* Resourse */ = {
			isa = PBXGroup;
			children = (
				CEE71CF02BC819ED00AD99E4 /* GoogleService-Info.plist */,
				CEE71C9D2BBC468200AD99E4 /* LaunchScreen.storyboard */,
				CEE71C9B2BBC468200AD99E4 /* Assets.xcassets */,
			);
			path = Resourse;
			sourceTree = "<group>";
		};
		CEE71CA82BBC4A6E00AD99E4 /* Modules */ = {
			isa = PBXGroup;
			children = (
				CEFB27AB2BCBC086003A33DF /* Splash */,
				CEE71CF52BC94D2900AD99E4 /* SMS */,
				CEE71CC62BBEC46A00AD99E4 /* Basket */,
				CEE71CC32BBEC2B700AD99E4 /* TapBar */,
				CEE71CC02BBEC0D200AD99E4 /* Product */,
				CEE71CAB2BBC4A8600AD99E4 /* Main */,
				CEE71CAA2BBC4A7B00AD99E4 /* Authorization */,
				CEE71CA92BBC4A7500AD99E4 /* Registration */,
			);
			path = Modules;
			sourceTree = "<group>";
		};
		CEE71CA92BBC4A7500AD99E4 /* Registration */ = {
			isa = PBXGroup;
			children = (
				CEE71C962BBC468000AD99E4 /* RegistrationViewController.swift */,
				CEE71CAC2BBC4C6500AD99E4 /* RegistrationView.swift */,
			);
			path = Registration;
			sourceTree = "<group>";
		};
		CEE71CAA2BBC4A7B00AD99E4 /* Authorization */ = {
			isa = PBXGroup;
			children = (
				CEFB27AF2BCF9F5C003A33DF /* Email */,
				CEFB27AE2BCF9F3F003A33DF /* PhoneNumber */,
			);
			path = Authorization;
			sourceTree = "<group>";
		};
		CEE71CAB2BBC4A8600AD99E4 /* Main */ = {
			isa = PBXGroup;
			children = (
				CEE71CB22BBC4F3C00AD99E4 /*  MenuBarViewController.swift */,
				CE8A787E2BD261CA004F300B /* Views */,
			);
			path = Main;
			sourceTree = "<group>";
		};
		CEE71CC02BBEC0D200AD99E4 /* Product */ = {
			isa = PBXGroup;
			children = (
				CEE71CE42BC5060600AD99E4 /* DescriptionView.swift */,
				CEE71CC12BBEC13700AD99E4 /* ProductViewController.swift */,
			);
			path = Product;
			sourceTree = "<group>";
		};
		CEE71CC32BBEC2B700AD99E4 /* TapBar */ = {
			isa = PBXGroup;
			children = (
				CEE71CC42BBEC2E500AD99E4 /* TabBarViewController.swift */,
				CE8A787F2BD26237004F300B /* Views */,
			);
			path = TapBar;
			sourceTree = "<group>";
		};
		CEE71CC62BBEC46A00AD99E4 /* Basket */ = {
			isa = PBXGroup;
			children = (
				CEE71CC72BBEC48E00AD99E4 /* BasketViewController.swift */,
			);
			path = Basket;
			sourceTree = "<group>";
		};
		CEE71CCD2BBFEC1E00AD99E4 /* DTO */ = {
			isa = PBXGroup;
			children = (
				CEE71CDD2BC2937F00AD99E4 /* Products.swift */,
				CEE71CDF2BC3EACE00AD99E4 /* Categories.swift */,
			);
			path = DTO;
			sourceTree = "<group>";
		};
		CEE71CD62BC26A4E00AD99E4 /* Model */ = {
			isa = PBXGroup;
			children = (
				CEE71CCD2BBFEC1E00AD99E4 /* DTO */,
			);
			path = Model;
			sourceTree = "<group>";
		};
		CEE71CED2BC80D7B00AD99E4 /* Helper */ = {
			isa = PBXGroup;
			children = (
				CEE71CEE2BC80D8700AD99E4 /* ImageDownloader.swift */,
			);
			path = Helper;
			sourceTree = "<group>";
		};
		CEE71CF22BC9371600AD99E4 /* Service */ = {
			isa = PBXGroup;
			children = (
				CEE71CDB2BC2932500AD99E4 /* NetworkLayer.swift */,
				CEE71CF32BC9373D00AD99E4 /* AuthService.swift */,
			);
			path = Service;
			sourceTree = "<group>";
		};
		CEE71CF52BC94D2900AD99E4 /* SMS */ = {
			isa = PBXGroup;
			children = (
				CEE71CF62BC94DC900AD99E4 /* SMSViewController.swift */,
				CEFB27A92BCA5438003A33DF /* SMSCodeView.swift */,
			);
			path = SMS;
			sourceTree = "<group>";
		};
		CEFB27AB2BCBC086003A33DF /* Splash */ = {
			isa = PBXGroup;
			children = (
				CEFB27AC2BCBC0A5003A33DF /* SplashViewController.swift */,
			);
			path = Splash;
			sourceTree = "<group>";
		};
		CEFB27AE2BCF9F3F003A33DF /* PhoneNumber */ = {
			isa = PBXGroup;
			children = (
				CEFB27B02BCF9F8F003A33DF /* PhoneNumberViewController.swift */,
				CEFB27B22BCF9FDA003A33DF /* PhoneNumberView.swift */,
			);
			path = PhoneNumber;
			sourceTree = "<group>";
		};
		CEFB27AF2BCF9F5C003A33DF /* Email */ = {
			isa = PBXGroup;
			children = (
				CEE71CB02BBC4E9400AD99E4 /* AuthorizationViewController.swift */,
				CEE71CAE2BBC4CA500AD99E4 /* AuthorizationView.swift */,
			);
			path = Email;
			sourceTree = "<group>";
		};
/* End PBXGroup section */

/* Begin PBXNativeTarget section */
		CEE71C8E2BBC468000AD99E4 /* MyCoffeeBarApp */ = {
			isa = PBXNativeTarget;
			buildConfigurationList = CEE71CA32BBC468200AD99E4 /* Build configuration list for PBXNativeTarget "MyCoffeeBarApp" */;
			buildPhases = (
				41A35175097DD97C42881E3D /* [CP] Check Pods Manifest.lock */,
				CEE71C8B2BBC468000AD99E4 /* Sources */,
				CEE71C8C2BBC468000AD99E4 /* Frameworks */,
				CEE71C8D2BBC468000AD99E4 /* Resources */,
				402B4904BDFF710FE4B81911 /* [CP] Embed Pods Frameworks */,
			);
			buildRules = (
			);
			dependencies = (
			);
			name = MyCoffeeBarApp;
			productName = MyCoffeeBarApp;
			productReference = CEE71C8F2BBC468000AD99E4 /* MyCoffeeBarApp.app */;
			productType = "com.apple.product-type.application";
		};
/* End PBXNativeTarget section */

/* Begin PBXProject section */
		CEE71C872BBC468000AD99E4 /* Project object */ = {
			isa = PBXProject;
			attributes = {
				BuildIndependentTargetsInParallel = 1;
				LastSwiftUpdateCheck = 1530;
				LastUpgradeCheck = 1530;
				TargetAttributes = {
					CEE71C8E2BBC468000AD99E4 = {
						CreatedOnToolsVersion = 15.3;
					};
				};
			};
			buildConfigurationList = CEE71C8A2BBC468000AD99E4 /* Build configuration list for PBXProject "MyCoffeeBarApp" */;
			compatibilityVersion = "Xcode 14.0";
			developmentRegion = en;
			hasScannedForEncodings = 0;
			knownRegions = (
				en,
				Base,
			);
			mainGroup = CEE71C862BBC468000AD99E4;
			productRefGroup = CEE71C902BBC468000AD99E4 /* Products */;
			projectDirPath = "";
			projectRoot = "";
			targets = (
				CEE71C8E2BBC468000AD99E4 /* MyCoffeeBarApp */,
			);
		};
/* End PBXProject section */

/* Begin PBXResourcesBuildPhase section */
		CEE71C8D2BBC468000AD99E4 /* Resources */ = {
			isa = PBXResourcesBuildPhase;
			buildActionMask = 2147483647;
			files = (
				CEE71C9C2BBC468200AD99E4 /* Assets.xcassets in Resources */,
				CEE71CF12BC819ED00AD99E4 /* GoogleService-Info.plist in Resources */,
				CEE71C9F2BBC468200AD99E4 /* Base in Resources */,
			);
			runOnlyForDeploymentPostprocessing = 0;
		};
/* End PBXResourcesBuildPhase section */

/* Begin PBXShellScriptBuildPhase section */
		402B4904BDFF710FE4B81911 /* [CP] Embed Pods Frameworks */ = {
			isa = PBXShellScriptBuildPhase;
			buildActionMask = 2147483647;
			files = (
			);
			inputFileListPaths = (
				"${PODS_ROOT}/Target Support Files/Pods-MyCoffeeBarApp/Pods-MyCoffeeBarApp-frameworks-${CONFIGURATION}-input-files.xcfilelist",
			);
			name = "[CP] Embed Pods Frameworks";
			outputFileListPaths = (
				"${PODS_ROOT}/Target Support Files/Pods-MyCoffeeBarApp/Pods-MyCoffeeBarApp-frameworks-${CONFIGURATION}-output-files.xcfilelist",
			);
			runOnlyForDeploymentPostprocessing = 0;
			shellPath = /bin/sh;
			shellScript = "\"${PODS_ROOT}/Target Support Files/Pods-MyCoffeeBarApp/Pods-MyCoffeeBarApp-frameworks.sh\"\n";
			showEnvVarsInLog = 0;
		};
		41A35175097DD97C42881E3D /* [CP] Check Pods Manifest.lock */ = {
			isa = PBXShellScriptBuildPhase;
			buildActionMask = 2147483647;
			files = (
			);
			inputFileListPaths = (
			);
			inputPaths = (
				"${PODS_PODFILE_DIR_PATH}/Podfile.lock",
				"${PODS_ROOT}/Manifest.lock",
			);
			name = "[CP] Check Pods Manifest.lock";
			outputFileListPaths = (
			);
			outputPaths = (
				"$(DERIVED_FILE_DIR)/Pods-MyCoffeeBarApp-checkManifestLockResult.txt",
			);
			runOnlyForDeploymentPostprocessing = 0;
			shellPath = /bin/sh;
			shellScript = "diff \"${PODS_PODFILE_DIR_PATH}/Podfile.lock\" \"${PODS_ROOT}/Manifest.lock\" > /dev/null\nif [ $? != 0 ] ; then\n    # print error to STDERR\n    echo \"error: The sandbox is not in sync with the Podfile.lock. Run 'pod install' or update your CocoaPods installation.\" >&2\n    exit 1\nfi\n# This output is used by Xcode 'outputs' to avoid re-running this script phase.\necho \"SUCCESS\" > \"${SCRIPT_OUTPUT_FILE_0}\"\n";
			showEnvVarsInLog = 0;
		};
/* End PBXShellScriptBuildPhase section */

/* Begin PBXSourcesBuildPhase section */
		CEE71C8B2BBC468000AD99E4 /* Sources */ = {
			isa = PBXSourcesBuildPhase;
			buildActionMask = 2147483647;
			files = (
				CEE71CB52BBC723F00AD99E4 /* MenuBarCell.swift in Sources */,
				CEE71CCC2BBFD93600AD99E4 /* CustomTabBar.swift in Sources */,
				CEE71CDE2BC2937F00AD99E4 /* Products.swift in Sources */,
				CEE71CD42BC007B900AD99E4 /*  MenuBarViewController.swift in Sources */,
				CEE71CB12BBC4E9400AD99E4 /* AuthorizationViewController.swift in Sources */,
				CEE71CEF2BC80D8700AD99E4 /* ImageDownloader.swift in Sources */,
				CEE71CC52BBEC2E500AD99E4 /* TabBarViewController.swift in Sources */,
				CEE71CDC2BC2932500AD99E4 /* NetworkLayer.swift in Sources */,
				CEE71C972BBC468000AD99E4 /* RegistrationViewController.swift in Sources */,
				CEE71CF72BC94DC900AD99E4 /* SMSViewController.swift in Sources */,
				CEE71CE52BC5060600AD99E4 /* DescriptionView.swift in Sources */,
				CEE71CE02BC3EACE00AD99E4 /* Categories.swift in Sources */,
				CEFB27B32BCF9FDA003A33DF /* PhoneNumberView.swift in Sources */,
				CEFB27B12BCF9F8F003A33DF /* PhoneNumberViewController.swift in Sources */,
				CEFB27AA2BCA5438003A33DF /* SMSCodeView.swift in Sources */,
				CEE71C932BBC468000AD99E4 /* AppDelegate.swift in Sources */,
				CEE71C952BBC468000AD99E4 /* SceneDelegate.swift in Sources */,
				CEE71CB72BBD6BB200AD99E4 /* ProductsCell.swift in Sources */,
				CEE71CF42BC9373D00AD99E4 /* AuthService.swift in Sources */,
				CEE71CAF2BBC4CA500AD99E4 /* AuthorizationView.swift in Sources */,
				CEE71CC22BBEC13700AD99E4 /* ProductViewController.swift in Sources */,
				CEFB27AD2BCBC0A5003A33DF /* SplashViewController.swift in Sources */,
				CEE71CAD2BBC4C6500AD99E4 /* RegistrationView.swift in Sources */,
				CEE71CCA2BBFD7AB00AD99E4 /* QrButton.swift in Sources */,
				CEE71CC82BBEC48E00AD99E4 /* BasketViewController.swift in Sources */,
			);
			runOnlyForDeploymentPostprocessing = 0;
		};
/* End PBXSourcesBuildPhase section */

/* Begin PBXVariantGroup section */
		CEE71C9D2BBC468200AD99E4 /* LaunchScreen.storyboard */ = {
			isa = PBXVariantGroup;
			children = (
				CEE71C9E2BBC468200AD99E4 /* Base */,
			);
			name = LaunchScreen.storyboard;
			sourceTree = "<group>";
		};
/* End PBXVariantGroup section */

/* Begin XCBuildConfiguration section */
		CEE71CA12BBC468200AD99E4 /* Debug */ = {
			isa = XCBuildConfiguration;
			buildSettings = {
				ALWAYS_SEARCH_USER_PATHS = NO;
				ASSETCATALOG_COMPILER_GENERATE_SWIFT_ASSET_SYMBOL_EXTENSIONS = YES;
				CLANG_ANALYZER_NONNULL = YES;
				CLANG_ANALYZER_NUMBER_OBJECT_CONVERSION = YES_AGGRESSIVE;
				CLANG_CXX_LANGUAGE_STANDARD = "gnu++20";
				CLANG_ENABLE_MODULES = YES;
				CLANG_ENABLE_OBJC_ARC = YES;
				CLANG_ENABLE_OBJC_WEAK = YES;
				CLANG_WARN_BLOCK_CAPTURE_AUTORELEASING = YES;
				CLANG_WARN_BOOL_CONVERSION = YES;
				CLANG_WARN_COMMA = YES;
				CLANG_WARN_CONSTANT_CONVERSION = YES;
				CLANG_WARN_DEPRECATED_OBJC_IMPLEMENTATIONS = YES;
				CLANG_WARN_DIRECT_OBJC_ISA_USAGE = YES_ERROR;
				CLANG_WARN_DOCUMENTATION_COMMENTS = YES;
				CLANG_WARN_EMPTY_BODY = YES;
				CLANG_WARN_ENUM_CONVERSION = YES;
				CLANG_WARN_INFINITE_RECURSION = YES;
				CLANG_WARN_INT_CONVERSION = YES;
				CLANG_WARN_NON_LITERAL_NULL_CONVERSION = YES;
				CLANG_WARN_OBJC_IMPLICIT_RETAIN_SELF = YES;
				CLANG_WARN_OBJC_LITERAL_CONVERSION = YES;
				CLANG_WARN_OBJC_ROOT_CLASS = YES_ERROR;
				CLANG_WARN_QUOTED_INCLUDE_IN_FRAMEWORK_HEADER = YES;
				CLANG_WARN_RANGE_LOOP_ANALYSIS = YES;
				CLANG_WARN_STRICT_PROTOTYPES = YES;
				CLANG_WARN_SUSPICIOUS_MOVE = YES;
				CLANG_WARN_UNGUARDED_AVAILABILITY = YES_AGGRESSIVE;
				CLANG_WARN_UNREACHABLE_CODE = YES;
				CLANG_WARN__DUPLICATE_METHOD_MATCH = YES;
				COPY_PHASE_STRIP = NO;
				DEBUG_INFORMATION_FORMAT = dwarf;
				ENABLE_STRICT_OBJC_MSGSEND = YES;
				ENABLE_TESTABILITY = YES;
				ENABLE_USER_SCRIPT_SANDBOXING = YES;
				GCC_C_LANGUAGE_STANDARD = gnu17;
				GCC_DYNAMIC_NO_PIC = NO;
				GCC_NO_COMMON_BLOCKS = YES;
				GCC_OPTIMIZATION_LEVEL = 0;
				GCC_PREPROCESSOR_DEFINITIONS = (
					"DEBUG=1",
					"$(inherited)",
				);
				GCC_WARN_64_TO_32_BIT_CONVERSION = YES;
				GCC_WARN_ABOUT_RETURN_TYPE = YES_ERROR;
				GCC_WARN_UNDECLARED_SELECTOR = YES;
				GCC_WARN_UNINITIALIZED_AUTOS = YES_AGGRESSIVE;
				GCC_WARN_UNUSED_FUNCTION = YES;
				GCC_WARN_UNUSED_VARIABLE = YES;
				IPHONEOS_DEPLOYMENT_TARGET = 17.4;
				LOCALIZATION_PREFERS_STRING_CATALOGS = YES;
				MTL_ENABLE_DEBUG_INFO = INCLUDE_SOURCE;
				MTL_FAST_MATH = YES;
				ONLY_ACTIVE_ARCH = YES;
				SDKROOT = iphoneos;
				SWIFT_ACTIVE_COMPILATION_CONDITIONS = "DEBUG $(inherited)";
				SWIFT_OPTIMIZATION_LEVEL = "-Onone";
			};
			name = Debug;
		};
		CEE71CA22BBC468200AD99E4 /* Release */ = {
			isa = XCBuildConfiguration;
			buildSettings = {
				ALWAYS_SEARCH_USER_PATHS = NO;
				ASSETCATALOG_COMPILER_GENERATE_SWIFT_ASSET_SYMBOL_EXTENSIONS = YES;
				CLANG_ANALYZER_NONNULL = YES;
				CLANG_ANALYZER_NUMBER_OBJECT_CONVERSION = YES_AGGRESSIVE;
				CLANG_CXX_LANGUAGE_STANDARD = "gnu++20";
				CLANG_ENABLE_MODULES = YES;
				CLANG_ENABLE_OBJC_ARC = YES;
				CLANG_ENABLE_OBJC_WEAK = YES;
				CLANG_WARN_BLOCK_CAPTURE_AUTORELEASING = YES;
				CLANG_WARN_BOOL_CONVERSION = YES;
				CLANG_WARN_COMMA = YES;
				CLANG_WARN_CONSTANT_CONVERSION = YES;
				CLANG_WARN_DEPRECATED_OBJC_IMPLEMENTATIONS = YES;
				CLANG_WARN_DIRECT_OBJC_ISA_USAGE = YES_ERROR;
				CLANG_WARN_DOCUMENTATION_COMMENTS = YES;
				CLANG_WARN_EMPTY_BODY = YES;
				CLANG_WARN_ENUM_CONVERSION = YES;
				CLANG_WARN_INFINITE_RECURSION = YES;
				CLANG_WARN_INT_CONVERSION = YES;
				CLANG_WARN_NON_LITERAL_NULL_CONVERSION = YES;
				CLANG_WARN_OBJC_IMPLICIT_RETAIN_SELF = YES;
				CLANG_WARN_OBJC_LITERAL_CONVERSION = YES;
				CLANG_WARN_OBJC_ROOT_CLASS = YES_ERROR;
				CLANG_WARN_QUOTED_INCLUDE_IN_FRAMEWORK_HEADER = YES;
				CLANG_WARN_RANGE_LOOP_ANALYSIS = YES;
				CLANG_WARN_STRICT_PROTOTYPES = YES;
				CLANG_WARN_SUSPICIOUS_MOVE = YES;
				CLANG_WARN_UNGUARDED_AVAILABILITY = YES_AGGRESSIVE;
				CLANG_WARN_UNREACHABLE_CODE = YES;
				CLANG_WARN__DUPLICATE_METHOD_MATCH = YES;
				COPY_PHASE_STRIP = NO;
				DEBUG_INFORMATION_FORMAT = "dwarf-with-dsym";
				ENABLE_NS_ASSERTIONS = NO;
				ENABLE_STRICT_OBJC_MSGSEND = YES;
				ENABLE_USER_SCRIPT_SANDBOXING = YES;
				GCC_C_LANGUAGE_STANDARD = gnu17;
				GCC_NO_COMMON_BLOCKS = YES;
				GCC_WARN_64_TO_32_BIT_CONVERSION = YES;
				GCC_WARN_ABOUT_RETURN_TYPE = YES_ERROR;
				GCC_WARN_UNDECLARED_SELECTOR = YES;
				GCC_WARN_UNINITIALIZED_AUTOS = YES_AGGRESSIVE;
				GCC_WARN_UNUSED_FUNCTION = YES;
				GCC_WARN_UNUSED_VARIABLE = YES;
				IPHONEOS_DEPLOYMENT_TARGET = 17.4;
				LOCALIZATION_PREFERS_STRING_CATALOGS = YES;
				MTL_ENABLE_DEBUG_INFO = NO;
				MTL_FAST_MATH = YES;
				SDKROOT = iphoneos;
				SWIFT_COMPILATION_MODE = wholemodule;
				VALIDATE_PRODUCT = YES;
			};
			name = Release;
		};
		CEE71CA42BBC468200AD99E4 /* Debug */ = {
			isa = XCBuildConfiguration;
			baseConfigurationReference = 20910BBD73DDAB26F63591F3 /* Pods-MyCoffeeBarApp.debug.xcconfig */;
			buildSettings = {
				ASSETCATALOG_COMPILER_APPICON_NAME = AppIcon;
				ASSETCATALOG_COMPILER_GLOBAL_ACCENT_COLOR_NAME = AccentColor;
				CODE_SIGN_STYLE = Automatic;
				CURRENT_PROJECT_VERSION = 1;
				ENABLE_USER_SCRIPT_SANDBOXING = NO;
				GENERATE_INFOPLIST_FILE = YES;
				INFOPLIST_FILE = MyCoffeeBarApp/Info.plist;
				INFOPLIST_KEY_UIApplicationSupportsIndirectInputEvents = YES;
				INFOPLIST_KEY_UILaunchStoryboardName = LaunchScreen;
				INFOPLIST_KEY_UISupportedInterfaceOrientations_iPad = "UIInterfaceOrientationPortrait UIInterfaceOrientationPortraitUpsideDown UIInterfaceOrientationLandscapeLeft UIInterfaceOrientationLandscapeRight";
				INFOPLIST_KEY_UISupportedInterfaceOrientations_iPhone = "UIInterfaceOrientationPortrait UIInterfaceOrientationLandscapeLeft UIInterfaceOrientationLandscapeRight";
				LD_RUNPATH_SEARCH_PATHS = (
					"$(inherited)",
					"@executable_path/Frameworks",
				);
				MARKETING_VERSION = 1.0;
				PRODUCT_BUNDLE_IDENTIFIER = com.alish.MyCoffeeBarApp;
				PRODUCT_NAME = "$(TARGET_NAME)";
				SWIFT_EMIT_LOC_STRINGS = YES;
				SWIFT_VERSION = 5.0;
				TARGETED_DEVICE_FAMILY = "1,2";
			};
			name = Debug;
		};
		CEE71CA52BBC468200AD99E4 /* Release */ = {
			isa = XCBuildConfiguration;
			baseConfigurationReference = 7232B68FEF9CD0ADC681CDD5 /* Pods-MyCoffeeBarApp.release.xcconfig */;
			buildSettings = {
				ASSETCATALOG_COMPILER_APPICON_NAME = AppIcon;
				ASSETCATALOG_COMPILER_GLOBAL_ACCENT_COLOR_NAME = AccentColor;
				CODE_SIGN_STYLE = Automatic;
				CURRENT_PROJECT_VERSION = 1;
				ENABLE_USER_SCRIPT_SANDBOXING = NO;
				GENERATE_INFOPLIST_FILE = YES;
				INFOPLIST_FILE = MyCoffeeBarApp/Info.plist;
				INFOPLIST_KEY_UIApplicationSupportsIndirectInputEvents = YES;
				INFOPLIST_KEY_UILaunchStoryboardName = LaunchScreen;
				INFOPLIST_KEY_UISupportedInterfaceOrientations_iPad = "UIInterfaceOrientationPortrait UIInterfaceOrientationPortraitUpsideDown UIInterfaceOrientationLandscapeLeft UIInterfaceOrientationLandscapeRight";
				INFOPLIST_KEY_UISupportedInterfaceOrientations_iPhone = "UIInterfaceOrientationPortrait UIInterfaceOrientationLandscapeLeft UIInterfaceOrientationLandscapeRight";
				LD_RUNPATH_SEARCH_PATHS = (
					"$(inherited)",
					"@executable_path/Frameworks",
				);
				MARKETING_VERSION = 1.0;
				PRODUCT_BUNDLE_IDENTIFIER = com.alish.MyCoffeeBarApp;
				PRODUCT_NAME = "$(TARGET_NAME)";
				SWIFT_EMIT_LOC_STRINGS = YES;
				SWIFT_VERSION = 5.0;
				TARGETED_DEVICE_FAMILY = "1,2";
			};
			name = Release;
		};
/* End XCBuildConfiguration section */

/* Begin XCConfigurationList section */
		CEE71C8A2BBC468000AD99E4 /* Build configuration list for PBXProject "MyCoffeeBarApp" */ = {
			isa = XCConfigurationList;
			buildConfigurations = (
				CEE71CA12BBC468200AD99E4 /* Debug */,
				CEE71CA22BBC468200AD99E4 /* Release */,
			);
			defaultConfigurationIsVisible = 0;
			defaultConfigurationName = Release;
		};
		CEE71CA32BBC468200AD99E4 /* Build configuration list for PBXNativeTarget "MyCoffeeBarApp" */ = {
			isa = XCConfigurationList;
			buildConfigurations = (
				CEE71CA42BBC468200AD99E4 /* Debug */,
				CEE71CA52BBC468200AD99E4 /* Release */,
			);
			defaultConfigurationIsVisible = 0;
			defaultConfigurationName = Release;
		};
/* End XCConfigurationList section */
	};
	rootObject = CEE71C872BBC468000AD99E4 /* Project object */;
}
